
Microsoft Visual Studio Solution File, Format Version 12.00
# Visual Studio 14
VisualStudioVersion = 14.0.25420.1
MinimumVisualStudioVersion = 10.0.40219.1
Project("{8BC9CEB8-8B4A-11D0-8D11-00A0C91BC942}") = "Kozyrev_MathTask", "Kozyrev_MathTask\Kozyrev_MathTask.vcxproj", "{6A32241F-690D-4E5D-A7C5-1A903180D603}"
EndProject
Project("{8BC9CEB8-8B4A-11D0-8D11-00A0C91BC942}") = "Kozyrev_MathTaskClassLibraryTests", "Kozyrev_MathTaskClassLibraryTests\Kozyrev_MathTaskClassLibraryTests.vcxproj", "{ADE7EF02-4017-463D-B03F-48E5BB088E31}"
EndProject
Global
	GlobalSection(SolutionConfigurationPlatforms) = preSolution
		Debug|x64 = Debug|x64
		Debug|x86 = Debug|x86
		Release|x64 = Release|x64
		Release|x86 = Release|x86
	EndGlobalSection
	GlobalSection(ProjectConfigurationPlatforms) = postSolution
		{6A32241F-690D-4E5D-A7C5-1A903180D603}.Debug|x64.ActiveCfg = Debug|x64
		{6A32241F-690D-4E5D-A7C5-1A903180D603}.Debug|x64.Build.0 = Debug|x64
		{6A32241F-690D-4E5D-A7C5-1A903180D603}.Debug|x86.ActiveCfg = Debug|Win32
		{6A32241F-690D-4E5D-A7C5-1A903180D603}.Debug|x86.Build.0 = Debug|Win32
		{6A32241F-690D-4E5D-A7C5-1A903180D603}.Release|x64.ActiveCfg = Release|x64
		{6A32241F-690D-4E5D-A7C5-1A903180D603}.Release|x64.Build.0 = Release|x64
		{6A32241F-690D-4E5D-A7C5-1A903180D603}.Release|x86.ActiveCfg = Release|Win32
		{6A32241F-690D-4E5D-A7C5-1A903180D603}.Release|x86.Build.0 = Release|Win32
		{ADE7EF02-4017-463D-B03F-48E5BB088E31}.Debug|x64.ActiveCfg = Debug|x64
		{ADE7EF02-4017-463D-B03F-48E5BB088E31}.Debug|x64.Build.0 = Debug|x64
		{ADE7EF02-4017-463D-B03F-48E5BB088E31}.Debug|x86.ActiveCfg = Debug|Win32
		{ADE7EF02-4017-463D-B03F-48E5BB088E31}.Debug|x86.Build.0 = Debug|Win32
		{ADE7EF02-4017-463D-B03F-48E5BB088E31}.Release|x64.ActiveCfg = Release|x64
		{ADE7EF02-4017-463D-B03F-48E5BB088E31}.Release|x64.Build.0 = Release|x64
		{ADE7EF02-4017-463D-B03F-48E5BB088E31}.Release|x86.ActiveCfg = Release|Win32
		{ADE7EF02-4017-463D-B03F-48E5BB088E31}.Release|x86.Build.0 = Release|Win32
	EndGlobalSection
	GlobalSection(SolutionProperties) = preSolution
		HideSolutionNode = FALSE
	EndGlobalSection
EndGlobal
